
Microsoft Visual Studio Solution File, Format Version 12.00
# Visual Studio Version 16
VisualStudioVersion = 16.0.28803.156
MinimumVisualStudioVersion = 10.0.40219.1
Project("{FAE04EC0-301F-11D3-BF4B-00C04F79EFBC}") = "ASP.NET_Core_MVC_Sample", "ASP.NET_Core_MVC_Sample\ASP.NET_Core_MVC_Sample.csproj", "{F7C6EFCF-8D8B-4A38-A9BE-5F7D3952E886}"
EndProject
Global
	GlobalSection(SolutionConfigurationPlatforms) = preSolution
		Debug|Any CPU = Debug|Any CPU
		Release|Any CPU = Release|Any CPU
	EndGlobalSection
	GlobalSection(ProjectConfigurationPlatforms) = postSolution
		{F7C6EFCF-8D8B-4A38-A9BE-5F7D3952E886}.Debug|Any CPU.ActiveCfg = Debug|Any CPU
		{F7C6EFCF-8D8B-4A38-A9BE-5F7D3952E886}.Debug|Any CPU.Build.0 = Debug|Any CPU
		{F7C6EFCF-8D8B-4A38-A9BE-5F7D3952E886}.Release|Any CPU.ActiveCfg = Release|Any CPU
		{F7C6EFCF-8D8B-4A38-A9BE-5F7D3952E886}.Release|Any CPU.Build.0 = Release|Any CPU
	EndGlobalSection
	GlobalSection(SolutionProperties) = preSolution
		HideSolutionNode = FALSE
	EndGlobalSection
	GlobalSection(ExtensibilityGlobals) = postSolution
		SolutionGuid = {2EF022BC-F02C-4A49-BF01-F6E3D9F384D5}
	EndGlobalSection
EndGlobal
